
Microsoft Visual Studio Solution File, Format Version 12.00
# Visual Studio Version 17
VisualStudioVersion = 17.13.35828.75 d17.13
MinimumVisualStudioVersion = 10.0.40219.1
Project("{FAE04EC0-301F-11D3-BF4B-00C04F79EFBC}") = "primeraPracticaOptativa", "primeraPracticaOptativa\primeraPracticaOptativa.csproj", "{FF4692C6-E952-48FD-B72C-1FE80FEBCDCD}"
EndProject
Global
	GlobalSection(SolutionConfigurationPlatforms) = preSolution
		Debug|Any CPU = Debug|Any CPU
		Release|Any CPU = Release|Any CPU
	EndGlobalSection
	GlobalSection(ProjectConfigurationPlatforms) = postSolution
		{FF4692C6-E952-48FD-B72C-1FE80FEBCDCD}.Debug|Any CPU.ActiveCfg = Debug|Any CPU
		{FF4692C6-E952-48FD-B72C-1FE80FEBCDCD}.Debug|Any CPU.Build.0 = Debug|Any CPU
		{FF4692C6-E952-48FD-B72C-1FE80FEBCDCD}.Release|Any CPU.ActiveCfg = Release|Any CPU
		{FF4692C6-E952-48FD-B72C-1FE80FEBCDCD}.Release|Any CPU.Build.0 = Release|Any CPU
	EndGlobalSection
	GlobalSection(SolutionProperties) = preSolution
		HideSolutionNode = FALSE
	EndGlobalSection
	GlobalSection(ExtensibilityGlobals) = postSolution
		SolutionGuid = {C463328F-0496-4D54-A058-7D90C14ED2E4}
	EndGlobalSection
EndGlobal
